
Microsoft Visual Studio Solution File, Format Version 12.00
# Visual Studio Version 16
VisualStudioVersion = 16.0.33927.289
MinimumVisualStudioVersion = 10.0.40219.1
Project("{2150E333-8FDC-42A3-9474-1A3956D46DE8}") = "TaskReview", "TaskReview", "{A0560347-631A-4F93-9488-345D95A023E8}"
EndProject
Project("{FAE04EC0-301F-11D3-BF4B-00C04F79EFBC}") = "Tyuiu.KozhevnikovDG.SprintReview1.TaskReview.V10", "Tyuiu.KozhevnikovDG.SprintReview1.TaskReview.V10\Tyuiu.KozhevnikovDG.SprintReview1.TaskReview.V10.csproj", "{A402F475-643B-48D1-80CC-E923D71FF9DC}"
EndProject
Project("{FAE04EC0-301F-11D3-BF4B-00C04F79EFBC}") = "Tyuiu.KozhevnikovDG.SprintReview1.TaskReview.V10.Lib", "Tyuiu.KozhevnikovDG.SprintReview1.TaskReview.V10.Lib\Tyuiu.KozhevnikovDG.SprintReview1.TaskReview.V10.Lib.csproj", "{42D241F0-3DBB-419B-BC05-F0BF40CDED75}"
EndProject
Project("{FAE04EC0-301F-11D3-BF4B-00C04F79EFBC}") = "Tyuiu.KozhevnikovDG.SprintReview1.TaskReview.V10.Test", "Tyuiu.KozhevnikovDG.SprintReview1.TaskReview.V10.Test\Tyuiu.KozhevnikovDG.SprintReview1.TaskReview.V10.Test.csproj", "{AA688F19-E197-4D4F-9202-D6FE2EDFCDE7}"
EndProject
Global
	GlobalSection(SolutionConfigurationPlatforms) = preSolution
		Debug|Any CPU = Debug|Any CPU
		Release|Any CPU = Release|Any CPU
	EndGlobalSection
	GlobalSection(ProjectConfigurationPlatforms) = postSolution
		{A402F475-643B-48D1-80CC-E923D71FF9DC}.Debug|Any CPU.ActiveCfg = Debug|Any CPU
		{A402F475-643B-48D1-80CC-E923D71FF9DC}.Debug|Any CPU.Build.0 = Debug|Any CPU
		{A402F475-643B-48D1-80CC-E923D71FF9DC}.Release|Any CPU.ActiveCfg = Release|Any CPU
		{A402F475-643B-48D1-80CC-E923D71FF9DC}.Release|Any CPU.Build.0 = Release|Any CPU
		{42D241F0-3DBB-419B-BC05-F0BF40CDED75}.Debug|Any CPU.ActiveCfg = Debug|Any CPU
		{42D241F0-3DBB-419B-BC05-F0BF40CDED75}.Debug|Any CPU.Build.0 = Debug|Any CPU
		{42D241F0-3DBB-419B-BC05-F0BF40CDED75}.Release|Any CPU.ActiveCfg = Release|Any CPU
		{42D241F0-3DBB-419B-BC05-F0BF40CDED75}.Release|Any CPU.Build.0 = Release|Any CPU
		{AA688F19-E197-4D4F-9202-D6FE2EDFCDE7}.Debug|Any CPU.ActiveCfg = Debug|Any CPU
		{AA688F19-E197-4D4F-9202-D6FE2EDFCDE7}.Debug|Any CPU.Build.0 = Debug|Any CPU
		{AA688F19-E197-4D4F-9202-D6FE2EDFCDE7}.Release|Any CPU.ActiveCfg = Release|Any CPU
		{AA688F19-E197-4D4F-9202-D6FE2EDFCDE7}.Release|Any CPU.Build.0 = Release|Any CPU
	EndGlobalSection
	GlobalSection(SolutionProperties) = preSolution
		HideSolutionNode = FALSE
	EndGlobalSection
	GlobalSection(NestedProjects) = preSolution
		{A402F475-643B-48D1-80CC-E923D71FF9DC} = {A0560347-631A-4F93-9488-345D95A023E8}
		{42D241F0-3DBB-419B-BC05-F0BF40CDED75} = {A0560347-631A-4F93-9488-345D95A023E8}
		{AA688F19-E197-4D4F-9202-D6FE2EDFCDE7} = {A0560347-631A-4F93-9488-345D95A023E8}
	EndGlobalSection
	GlobalSection(ExtensibilityGlobals) = postSolution
		SolutionGuid = {EC86E2DD-CC43-4B15-9450-9CFE22185C72}
	EndGlobalSection
EndGlobal
